{
  "object": {
    "pins": [
      {
        "package": "Pageboy",
        "repositoryURL": "https://github.com/uias/Pageboy",
        "state": {
          "branch": null,
          "revision": "af6e3d48cd60bd9ee6ca5cef8dd000727cce4ab8",
          "version": "3.5.1"
        }
      }
    ]
  },
  "version": 1
}
